
Microsoft Visual Studio Solution File, Format Version 12.00
# Visual Studio Version 17
VisualStudioVersion = 17.6.33829.357
MinimumVisualStudioVersion = 10.0.40219.1
Project("{FAE04EC0-301F-11D3-BF4B-00C04F79EFBC}") = "CallbyReferece", "CallbyReferece\CallbyReferece.csproj", "{DD73E351-5C77-45FC-A64D-377FD3FE4B0C}"
EndProject
Global
	GlobalSection(SolutionConfigurationPlatforms) = preSolution
		Debug|Any CPU = Debug|Any CPU
		Release|Any CPU = Release|Any CPU
	EndGlobalSection
	GlobalSection(ProjectConfigurationPlatforms) = postSolution
		{DD73E351-5C77-45FC-A64D-377FD3FE4B0C}.Debug|Any CPU.ActiveCfg = Debug|Any CPU
		{DD73E351-5C77-45FC-A64D-377FD3FE4B0C}.Debug|Any CPU.Build.0 = Debug|Any CPU
		{DD73E351-5C77-45FC-A64D-377FD3FE4B0C}.Release|Any CPU.ActiveCfg = Release|Any CPU
		{DD73E351-5C77-45FC-A64D-377FD3FE4B0C}.Release|Any CPU.Build.0 = Release|Any CPU
	EndGlobalSection
	GlobalSection(SolutionProperties) = preSolution
		HideSolutionNode = FALSE
	EndGlobalSection
	GlobalSection(ExtensibilityGlobals) = postSolution
		SolutionGuid = {14408D45-E02E-44E3-ADCA-5DA9E0EB5F40}
	EndGlobalSection
EndGlobal
